
Microsoft Visual Studio Solution File, Format Version 12.00
# Visual Studio 15
VisualStudioVersion = 15.0.28307.168
MinimumVisualStudioVersion = 10.0.40219.1
Project("{FAE04EC0-301F-11D3-BF4B-00C04F79EFBC}") = "ExamenClient", "ExamenClient\ExamenClient.csproj", "{AE48F160-BF2D-4AEF-B558-47F26D212E20}"
EndProject
Global
	GlobalSection(SolutionConfigurationPlatforms) = preSolution
		Debug|Any CPU = Debug|Any CPU
		Release|Any CPU = Release|Any CPU
	EndGlobalSection
	GlobalSection(ProjectConfigurationPlatforms) = postSolution
		{AE48F160-BF2D-4AEF-B558-47F26D212E20}.Debug|Any CPU.ActiveCfg = Debug|Any CPU
		{AE48F160-BF2D-4AEF-B558-47F26D212E20}.Debug|Any CPU.Build.0 = Debug|Any CPU
		{AE48F160-BF2D-4AEF-B558-47F26D212E20}.Release|Any CPU.ActiveCfg = Release|Any CPU
		{AE48F160-BF2D-4AEF-B558-47F26D212E20}.Release|Any CPU.Build.0 = Release|Any CPU
	EndGlobalSection
	GlobalSection(SolutionProperties) = preSolution
		HideSolutionNode = FALSE
	EndGlobalSection
	GlobalSection(ExtensibilityGlobals) = postSolution
		SolutionGuid = {48BA6401-0049-41F8-9422-F2EECDC5F1B4}
	EndGlobalSection
EndGlobal
